
Microsoft Visual Studio Solution File, Format Version 12.00
# Visual Studio 14
VisualStudioVersion = 14.0.23107.0
MinimumVisualStudioVersion = 10.0.40219.1
Project("{FAE04EC0-301F-11D3-BF4B-00C04F79EFBC}") = "IScheduler.Api", "IScheduler.Api\IScheduler.Api.csproj", "{A0A5D9E6-1F5A-4CA5-B238-BF95B6E05BB6}"
EndProject
Project("{FAE04EC0-301F-11D3-BF4B-00C04F79EFBC}") = "IScheduler.DataAccess", "IScheduler.DataAccess\IScheduler.DataAccess.csproj", "{367B4A4B-5D16-4429-8CAB-51D605DA32C3}"
EndProject
Project("{FAE04EC0-301F-11D3-BF4B-00C04F79EFBC}") = "IScheduler.Common", "IScheduler.Common\IScheduler.Common.csproj", "{DACAF980-C8CD-4D25-AEB5-8CEA8BDBED97}"
EndProject
Global
	GlobalSection(SolutionConfigurationPlatforms) = preSolution
		Debug|Any CPU = Debug|Any CPU
		Release|Any CPU = Release|Any CPU
	EndGlobalSection
	GlobalSection(ProjectConfigurationPlatforms) = postSolution
		{A0A5D9E6-1F5A-4CA5-B238-BF95B6E05BB6}.Debug|Any CPU.ActiveCfg = Debug|Any CPU
		{A0A5D9E6-1F5A-4CA5-B238-BF95B6E05BB6}.Debug|Any CPU.Build.0 = Debug|Any CPU
		{A0A5D9E6-1F5A-4CA5-B238-BF95B6E05BB6}.Release|Any CPU.ActiveCfg = Release|Any CPU
		{A0A5D9E6-1F5A-4CA5-B238-BF95B6E05BB6}.Release|Any CPU.Build.0 = Release|Any CPU
		{367B4A4B-5D16-4429-8CAB-51D605DA32C3}.Debug|Any CPU.ActiveCfg = Debug|Any CPU
		{367B4A4B-5D16-4429-8CAB-51D605DA32C3}.Debug|Any CPU.Build.0 = Debug|Any CPU
		{367B4A4B-5D16-4429-8CAB-51D605DA32C3}.Release|Any CPU.ActiveCfg = Release|Any CPU
		{367B4A4B-5D16-4429-8CAB-51D605DA32C3}.Release|Any CPU.Build.0 = Release|Any CPU
		{DACAF980-C8CD-4D25-AEB5-8CEA8BDBED97}.Debug|Any CPU.ActiveCfg = Debug|Any CPU
		{DACAF980-C8CD-4D25-AEB5-8CEA8BDBED97}.Debug|Any CPU.Build.0 = Debug|Any CPU
		{DACAF980-C8CD-4D25-AEB5-8CEA8BDBED97}.Release|Any CPU.ActiveCfg = Release|Any CPU
		{DACAF980-C8CD-4D25-AEB5-8CEA8BDBED97}.Release|Any CPU.Build.0 = Release|Any CPU
	EndGlobalSection
	GlobalSection(SolutionProperties) = preSolution
		HideSolutionNode = FALSE
	EndGlobalSection
EndGlobal
